
Microsoft Visual Studio Solution File, Format Version 12.00
# Visual Studio Version 17
VisualStudioVersion = 17.6.33717.318
MinimumVisualStudioVersion = 10.0.40219.1
Project("{9A19103F-16F7-4668-BE54-9A1E7A4F7556}") = "CSharpThreadPool", "CSharpThreadPool\CSharpThreadPool.csproj", "{83BBB4E0-44FC-4219-B80A-4AE2F5114949}"
EndProject
Project("{8BC9CEB8-8B4A-11D0-8D11-00A0C91BC942}") = "CSharpStyleCppThreadPool", "CSharpStyleCppThreadPool\CSharpStypeCppThreadPool.vcxproj", "{162E66A6-6DFB-4EF7-B6CE-FDD6B2013953}"
EndProject
Global
	GlobalSection(SolutionConfigurationPlatforms) = preSolution
		Debug|Any CPU = Debug|Any CPU
		Debug|x64 = Debug|x64
		Debug|x86 = Debug|x86
		Release|Any CPU = Release|Any CPU
		Release|x64 = Release|x64
		Release|x86 = Release|x86
	EndGlobalSection
	GlobalSection(ProjectConfigurationPlatforms) = postSolution
		{83BBB4E0-44FC-4219-B80A-4AE2F5114949}.Debug|Any CPU.ActiveCfg = Debug|Any CPU
		{83BBB4E0-44FC-4219-B80A-4AE2F5114949}.Debug|Any CPU.Build.0 = Debug|Any CPU
		{83BBB4E0-44FC-4219-B80A-4AE2F5114949}.Debug|x64.ActiveCfg = Debug|Any CPU
		{83BBB4E0-44FC-4219-B80A-4AE2F5114949}.Debug|x64.Build.0 = Debug|Any CPU
		{83BBB4E0-44FC-4219-B80A-4AE2F5114949}.Debug|x86.ActiveCfg = Debug|Any CPU
		{83BBB4E0-44FC-4219-B80A-4AE2F5114949}.Debug|x86.Build.0 = Debug|Any CPU
		{83BBB4E0-44FC-4219-B80A-4AE2F5114949}.Release|Any CPU.ActiveCfg = Release|Any CPU
		{83BBB4E0-44FC-4219-B80A-4AE2F5114949}.Release|Any CPU.Build.0 = Release|Any CPU
		{83BBB4E0-44FC-4219-B80A-4AE2F5114949}.Release|x64.ActiveCfg = Release|Any CPU
		{83BBB4E0-44FC-4219-B80A-4AE2F5114949}.Release|x64.Build.0 = Release|Any CPU
		{83BBB4E0-44FC-4219-B80A-4AE2F5114949}.Release|x86.ActiveCfg = Release|Any CPU
		{83BBB4E0-44FC-4219-B80A-4AE2F5114949}.Release|x86.Build.0 = Release|Any CPU
		{162E66A6-6DFB-4EF7-B6CE-FDD6B2013953}.Debug|Any CPU.ActiveCfg = Debug|x64
		{162E66A6-6DFB-4EF7-B6CE-FDD6B2013953}.Debug|Any CPU.Build.0 = Debug|x64
		{162E66A6-6DFB-4EF7-B6CE-FDD6B2013953}.Debug|x64.ActiveCfg = Debug|x64
		{162E66A6-6DFB-4EF7-B6CE-FDD6B2013953}.Debug|x64.Build.0 = Debug|x64
		{162E66A6-6DFB-4EF7-B6CE-FDD6B2013953}.Debug|x86.ActiveCfg = Debug|Win32
		{162E66A6-6DFB-4EF7-B6CE-FDD6B2013953}.Debug|x86.Build.0 = Debug|Win32
		{162E66A6-6DFB-4EF7-B6CE-FDD6B2013953}.Release|Any CPU.ActiveCfg = Release|x64
		{162E66A6-6DFB-4EF7-B6CE-FDD6B2013953}.Release|Any CPU.Build.0 = Release|x64
		{162E66A6-6DFB-4EF7-B6CE-FDD6B2013953}.Release|x64.ActiveCfg = Release|x64
		{162E66A6-6DFB-4EF7-B6CE-FDD6B2013953}.Release|x64.Build.0 = Release|x64
		{162E66A6-6DFB-4EF7-B6CE-FDD6B2013953}.Release|x86.ActiveCfg = Release|Win32
		{162E66A6-6DFB-4EF7-B6CE-FDD6B2013953}.Release|x86.Build.0 = Release|Win32
	EndGlobalSection
	GlobalSection(SolutionProperties) = preSolution
		HideSolutionNode = FALSE
	EndGlobalSection
	GlobalSection(ExtensibilityGlobals) = postSolution
		SolutionGuid = {49888DE3-B06E-4365-9875-F8C1B5D53D7C}
	EndGlobalSection
EndGlobal
